
Microsoft Visual Studio Solution File, Format Version 12.00
# Visual Studio Version 17
VisualStudioVersion = 17.4.33213.308
MinimumVisualStudioVersion = 10.0.40219.1
Project("{2150E333-8FDC-42A3-9474-1A3956D46DE8}") = "src", "src", "{DDD2D9F9-B426-4410-BC15-511CA1604F4D}"
EndProject
Project("{9A19103F-16F7-4668-BE54-9A1E7A4F7556}") = "Fatec.eComm.Domain", "Fatec.eComm.Domain\Fatec.eComm.Domain.csproj", "{AA930A26-0829-4259-9E94-F71CB428F89D}"
EndProject
Project("{9A19103F-16F7-4668-BE54-9A1E7A4F7556}") = "Fatec.eComm.Infrastructure", "Fatec.eComm.Infrastructure\Fatec.eComm.Infrastructure.csproj", "{BD48A97B-4C10-4DAA-BA69-5FF70596CDD5}"
EndProject
Project("{9A19103F-16F7-4668-BE54-9A1E7A4F7556}") = "Fatec.eComm.API", "Fatec.eComm.API\Fatec.eComm.API.csproj", "{EB651149-214E-4ADA-886A-7D060A8290FC}"
EndProject
Project("{2150E333-8FDC-42A3-9474-1A3956D46DE8}") = "Tests", "Tests", "{A11D7C54-6E16-45E9-8E5B-7CD158638E06}"
EndProject
Global
	GlobalSection(SolutionConfigurationPlatforms) = preSolution
		Debug|Any CPU = Debug|Any CPU
		Release|Any CPU = Release|Any CPU
	EndGlobalSection
	GlobalSection(ProjectConfigurationPlatforms) = postSolution
		{AA930A26-0829-4259-9E94-F71CB428F89D}.Debug|Any CPU.ActiveCfg = Debug|Any CPU
		{AA930A26-0829-4259-9E94-F71CB428F89D}.Debug|Any CPU.Build.0 = Debug|Any CPU
		{AA930A26-0829-4259-9E94-F71CB428F89D}.Release|Any CPU.ActiveCfg = Release|Any CPU
		{AA930A26-0829-4259-9E94-F71CB428F89D}.Release|Any CPU.Build.0 = Release|Any CPU
		{BD48A97B-4C10-4DAA-BA69-5FF70596CDD5}.Debug|Any CPU.ActiveCfg = Debug|Any CPU
		{BD48A97B-4C10-4DAA-BA69-5FF70596CDD5}.Debug|Any CPU.Build.0 = Debug|Any CPU
		{BD48A97B-4C10-4DAA-BA69-5FF70596CDD5}.Release|Any CPU.ActiveCfg = Release|Any CPU
		{BD48A97B-4C10-4DAA-BA69-5FF70596CDD5}.Release|Any CPU.Build.0 = Release|Any CPU
		{EB651149-214E-4ADA-886A-7D060A8290FC}.Debug|Any CPU.ActiveCfg = Debug|Any CPU
		{EB651149-214E-4ADA-886A-7D060A8290FC}.Debug|Any CPU.Build.0 = Debug|Any CPU
		{EB651149-214E-4ADA-886A-7D060A8290FC}.Release|Any CPU.ActiveCfg = Release|Any CPU
		{EB651149-214E-4ADA-886A-7D060A8290FC}.Release|Any CPU.Build.0 = Release|Any CPU
	EndGlobalSection
	GlobalSection(SolutionProperties) = preSolution
		HideSolutionNode = FALSE
	EndGlobalSection
	GlobalSection(NestedProjects) = preSolution
		{AA930A26-0829-4259-9E94-F71CB428F89D} = {DDD2D9F9-B426-4410-BC15-511CA1604F4D}
		{BD48A97B-4C10-4DAA-BA69-5FF70596CDD5} = {DDD2D9F9-B426-4410-BC15-511CA1604F4D}
		{EB651149-214E-4ADA-886A-7D060A8290FC} = {DDD2D9F9-B426-4410-BC15-511CA1604F4D}
	EndGlobalSection
	GlobalSection(ExtensibilityGlobals) = postSolution
		SolutionGuid = {9CB6BC66-1AE0-4C1B-9880-29FC6289D9C7}
	EndGlobalSection
EndGlobal
